
Microsoft Visual Studio Solution File, Format Version 12.00
# Visual Studio Version 17
VisualStudioVersion = 17.2.32526.322
MinimumVisualStudioVersion = 10.0.40219.1
Project("{FAE04EC0-301F-11D3-BF4B-00C04F79EFBC}") = "Image Transition Utility", "Image Transition Utility\Image Transition Utility.csproj", "{9FA3CBB8-533C-4AB3-A7A5-C66236B63916}"
EndProject
Global
	GlobalSection(SolutionConfigurationPlatforms) = preSolution
		Debug|Any CPU = Debug|Any CPU
		Release|Any CPU = Release|Any CPU
	EndGlobalSection
	GlobalSection(ProjectConfigurationPlatforms) = postSolution
		{9FA3CBB8-533C-4AB3-A7A5-C66236B63916}.Debug|Any CPU.ActiveCfg = Debug|Any CPU
		{9FA3CBB8-533C-4AB3-A7A5-C66236B63916}.Debug|Any CPU.Build.0 = Debug|Any CPU
		{9FA3CBB8-533C-4AB3-A7A5-C66236B63916}.Release|Any CPU.ActiveCfg = Release|Any CPU
		{9FA3CBB8-533C-4AB3-A7A5-C66236B63916}.Release|Any CPU.Build.0 = Release|Any CPU
	EndGlobalSection
	GlobalSection(SolutionProperties) = preSolution
		HideSolutionNode = FALSE
	EndGlobalSection
	GlobalSection(ExtensibilityGlobals) = postSolution
		SolutionGuid = {149E6330-7576-4919-8771-BC1EE60D8DD0}
	EndGlobalSection
EndGlobal
